// !$*UTF8*$!
{
	archiveVersion = 1;
	classes = {
	};
	objectVersion = 46;
	objects = {

/* Begin PBXBuildFile section */
		55A4F3221F1F2918004C8413 /* RACViewController.m in Sources */ = {isa = PBXBuildFile; fileRef = 55A4F3171F1F2918004C8413 /* RACViewController.m */; };
		55A4F3231F1F2918004C8413 /* testViewModel.m in Sources */ = {isa = PBXBuildFile; fileRef = 55A4F3191F1F2918004C8413 /* testViewModel.m */; };
		55A4F3241F1F2918004C8413 /* RACableViewCell.m in Sources */ = {isa = PBXBuildFile; fileRef = 55A4F31C1F1F2918004C8413 /* RACableViewCell.m */; };
		55A4F3251F1F2918004C8413 /* RACableViewCell.xib in Resources */ = {isa = PBXBuildFile; fileRef = 55A4F31D1F1F2918004C8413 /* RACableViewCell.xib */; };
		55A4F3261F1F2918004C8413 /* RequestViewModel.m in Sources */ = {isa = PBXBuildFile; fileRef = 55A4F31F1F1F2918004C8413 /* RequestViewModel.m */; };
		55A4F3271F1F2918004C8413 /* testViewController01.m in Sources */ = {isa = PBXBuildFile; fileRef = 55A4F3211F1F2918004C8413 /* testViewController01.m */; };
		55C4D1471F1CA23F008B4A17 /* main.m in Sources */ = {isa = PBXBuildFile; fileRef = 55C4D1461F1CA23F008B4A17 /* main.m */; };
		55C4D14A1F1CA23F008B4A17 /* AppDelegate.m in Sources */ = {isa = PBXBuildFile; fileRef = 55C4D1491F1CA23F008B4A17 /* AppDelegate.m */; };
		55C4D1501F1CA23F008B4A17 /* Main.storyboard in Resources */ = {isa = PBXBuildFile; fileRef = 55C4D14E1F1CA23F008B4A17 /* Main.storyboard */; };
		55C4D1521F1CA23F008B4A17 /* Assets.xcassets in Resources */ = {isa = PBXBuildFile; fileRef = 55C4D1511F1CA23F008B4A17 /* Assets.xcassets */; };
		55C4D1551F1CA23F008B4A17 /* LaunchScreen.storyboard in Resources */ = {isa = PBXBuildFile; fileRef = 55C4D1531F1CA23F008B4A17 /* LaunchScreen.storyboard */; };
		55C4D1601F1CA23F008B4A17 /* RACDemoTests.m in Sources */ = {isa = PBXBuildFile; fileRef = 55C4D15F1F1CA23F008B4A17 /* RACDemoTests.m */; };
		55C4D16B1F1CA23F008B4A17 /* RACDemoUITests.m in Sources */ = {isa = PBXBuildFile; fileRef = 55C4D16A1F1CA23F008B4A17 /* RACDemoUITests.m */; };
		6DA3E45C607E8A207AD1B804 /* libPods-RACDemo.a in Frameworks */ = {isa = PBXBuildFile; fileRef = 00BB118C4049CBC40339B726 /* libPods-RACDemo.a */; };
/* End PBXBuildFile section */

/* Begin PBXContainerItemProxy section */
		55C4D15C1F1CA23F008B4A17 /* PBXContainerItemProxy */ = {
			isa = PBXContainerItemProxy;
			containerPortal = 55C4D13A1F1CA23F008B4A17 /* Project object */;
			proxyType = 1;
			remoteGlobalIDString = 55C4D1411F1CA23F008B4A17;
			remoteInfo = RACDemo;
		};
		55C4D1671F1CA23F008B4A17 /* PBXContainerItemProxy */ = {
			isa = PBXContainerItemProxy;
			containerPortal = 55C4D13A1F1CA23F008B4A17 /* Project object */;
			proxyType = 1;
			remoteGlobalIDString = 55C4D1411F1CA23F008B4A17;
			remoteInfo = RACDemo;
		};
/* End PBXContainerItemProxy section */

/* Begin PBXFileReference section */
		00BB118C4049CBC40339B726 /* libPods-RACDemo.a */ = {isa = PBXFileReference; explicitFileType = archive.ar; includeInIndex = 0; path = "libPods-RACDemo.a"; sourceTree = BUILT_PRODUCTS_DIR; };
		55A4F3161F1F2918004C8413 /* RACViewController.h */ = {isa = PBXFileReference; fileEncoding = 4; lastKnownFileType = sourcecode.c.h; path = RACViewController.h; sourceTree = "<group>"; };
		55A4F3171F1F2918004C8413 /* RACViewController.m */ = {isa = PBXFileReference; fileEncoding = 4; lastKnownFileType = sourcecode.c.objc; path = RACViewController.m; sourceTree = "<group>"; };
		55A4F3181F1F2918004C8413 /* testViewModel.h */ = {isa = PBXFileReference; fileEncoding = 4; lastKnownFileType = sourcecode.c.h; path = testViewModel.h; sourceTree = "<group>"; };
		55A4F3191F1F2918004C8413 /* testViewModel.m */ = {isa = PBXFileReference; fileEncoding = 4; lastKnownFileType = sourcecode.c.objc; path = testViewModel.m; sourceTree = "<group>"; };
		55A4F31B1F1F2918004C8413 /* RACableViewCell.h */ = {isa = PBXFileReference; fileEncoding = 4; lastKnownFileType = sourcecode.c.h; path = RACableViewCell.h; sourceTree = "<group>"; };
		55A4F31C1F1F2918004C8413 /* RACableViewCell.m */ = {isa = PBXFileReference; fileEncoding = 4; lastKnownFileType = sourcecode.c.objc; path = RACableViewCell.m; sourceTree = "<group>"; };
		55A4F31D1F1F2918004C8413 /* RACableViewCell.xib */ = {isa = PBXFileReference; fileEncoding = 4; lastKnownFileType = file.xib; path = RACableViewCell.xib; sourceTree = "<group>"; };
		55A4F31E1F1F2918004C8413 /* RequestViewModel.h */ = {isa = PBXFileReference; fileEncoding = 4; lastKnownFileType = sourcecode.c.h; path = RequestViewModel.h; sourceTree = "<group>"; };
		55A4F31F1F1F2918004C8413 /* RequestViewModel.m */ = {isa = PBXFileReference; fileEncoding = 4; lastKnownFileType = sourcecode.c.objc; path = RequestViewModel.m; sourceTree = "<group>"; };
		55A4F3201F1F2918004C8413 /* testViewController01.h */ = {isa = PBXFileReference; fileEncoding = 4; lastKnownFileType = sourcecode.c.h; path = testViewController01.h; sourceTree = "<group>"; };
		55A4F3211F1F2918004C8413 /* testViewController01.m */ = {isa = PBXFileReference; fileEncoding = 4; lastKnownFileType = sourcecode.c.objc; path = testViewController01.m; sourceTree = "<group>"; };
		55C4D1421F1CA23F008B4A17 /* RACDemo.app */ = {isa = PBXFileReference; explicitFileType = wrapper.application; includeInIndex = 0; path = RACDemo.app; sourceTree = BUILT_PRODUCTS_DIR; };
		55C4D1461F1CA23F008B4A17 /* main.m */ = {isa = PBXFileReference; lastKnownFileType = sourcecode.c.objc; path = main.m; sourceTree = "<group>"; };
		55C4D1481F1CA23F008B4A17 /* AppDelegate.h */ = {isa = PBXFileReference; lastKnownFileType = sourcecode.c.h; path = AppDelegate.h; sourceTree = "<group>"; };
		55C4D1491F1CA23F008B4A17 /* AppDelegate.m */ = {isa = PBXFileReference; lastKnownFileType = sourcecode.c.objc; path = AppDelegate.m; sourceTree = "<group>"; };
		55C4D14F1F1CA23F008B4A17 /* Base */ = {isa = PBXFileReference; lastKnownFileType = file.storyboard; name = Base; path = Base.lproj/Main.storyboard; sourceTree = "<group>"; };
		55C4D1511F1CA23F008B4A17 /* Assets.xcassets */ = {isa = PBXFileReference; lastKnownFileType = folder.assetcatalog; path = Assets.xcassets; sourceTree = "<group>"; };
		55C4D1541F1CA23F008B4A17 /* Base */ = {isa = PBXFileReference; lastKnownFileType = file.storyboard; name = Base; path = Base.lproj/LaunchScreen.storyboard; sourceTree = "<group>"; };
		55C4D1561F1CA23F008B4A17 /* Info.plist */ = {isa = PBXFileReference; lastKnownFileType = text.plist.xml; path = Info.plist; sourceTree = "<group>"; };
		55C4D15B1F1CA23F008B4A17 /* RACDemoTests.xctest */ = {isa = PBXFileReference; explicitFileType = wrapper.cfbundle; includeInIndex = 0; path = RACDemoTests.xctest; sourceTree = BUILT_PRODUCTS_DIR; };
		55C4D15F1F1CA23F008B4A17 /* RACDemoTests.m */ = {isa = PBXFileReference; lastKnownFileType = sourcecode.c.objc; path = RACDemoTests.m; sourceTree = "<group>"; };
		55C4D1611F1CA23F008B4A17 /* Info.plist */ = {isa = PBXFileReference; lastKnownFileType = text.plist.xml; path = Info.plist; sourceTree = "<group>"; };
		55C4D1661F1CA23F008B4A17 /* RACDemoUITests.xctest */ = {isa = PBXFileReference; explicitFileType = wrapper.cfbundle; includeInIndex = 0; path = RACDemoUITests.xctest; sourceTree = BUILT_PRODUCTS_DIR; };
		55C4D16A1F1CA23F008B4A17 /* RACDemoUITests.m */ = {isa = PBXFileReference; lastKnownFileType = sourcecode.c.objc; path = RACDemoUITests.m; sourceTree = "<group>"; };
		55C4D16C1F1CA23F008B4A17 /* Info.plist */ = {isa = PBXFileReference; lastKnownFileType = text.plist.xml; path = Info.plist; sourceTree = "<group>"; };
		58C5CFA9EDB6E1E3E43011B4 /* Pods-RACDemo.debug.xcconfig */ = {isa = PBXFileReference; includeInIndex = 1; lastKnownFileType = text.xcconfig; name = "Pods-RACDemo.debug.xcconfig"; path = "Pods/Target Support Files/Pods-RACDemo/Pods-RACDemo.debug.xcconfig"; sourceTree = "<group>"; };
		D9FF156D2E893873E84C1CD9 /* Pods-RACDemo.release.xcconfig */ = {isa = PBXFileReference; includeInIndex = 1; lastKnownFileType = text.xcconfig; name = "Pods-RACDemo.release.xcconfig"; path = "Pods/Target Support Files/Pods-RACDemo/Pods-RACDemo.release.xcconfig"; sourceTree = "<group>"; };
/* End PBXFileReference section */

/* Begin PBXFrameworksBuildPhase section */
		55C4D13F1F1CA23F008B4A17 /* Frameworks */ = {
			isa = PBXFrameworksBuildPhase;
			buildActionMask = 2147483647;
			files = (
				6DA3E45C607E8A207AD1B804 /* libPods-RACDemo.a in Frameworks */,
			);
			runOnlyForDeploymentPostprocessing = 0;
		};
		55C4D1581F1CA23F008B4A17 /* Frameworks */ = {
			isa = PBXFrameworksBuildPhase;
			buildActionMask = 2147483647;
			files = (
			);
			runOnlyForDeploymentPostprocessing = 0;
		};
		55C4D1631F1CA23F008B4A17 /* Frameworks */ = {
			isa = PBXFrameworksBuildPhase;
			buildActionMask = 2147483647;
			files = (
			);
			runOnlyForDeploymentPostprocessing = 0;
		};
/* End PBXFrameworksBuildPhase section */

/* Begin PBXGroup section */
		1BB89C9954129AE10E9D8CF5 /* Pods */ = {
			isa = PBXGroup;
			children = (
				58C5CFA9EDB6E1E3E43011B4 /* Pods-RACDemo.debug.xcconfig */,
				D9FF156D2E893873E84C1CD9 /* Pods-RACDemo.release.xcconfig */,
			);
			name = Pods;
			sourceTree = "<group>";
		};
		1F9514D3231D3B0DC754A38C /* Frameworks */ = {
			isa = PBXGroup;
			children = (
				00BB118C4049CBC40339B726 /* libPods-RACDemo.a */,
			);
			name = Frameworks;
			sourceTree = "<group>";
		};
		55A4F3151F1F2918004C8413 /* RAC01 */ = {
			isa = PBXGroup;
			children = (
				55A4F3161F1F2918004C8413 /* RACViewController.h */,
				55A4F3171F1F2918004C8413 /* RACViewController.m */,
				55A4F3181F1F2918004C8413 /* testViewModel.h */,
				55A4F3191F1F2918004C8413 /* testViewModel.m */,
			);
			path = RAC01;
			sourceTree = "<group>";
		};
		55A4F31A1F1F2918004C8413 /* RAC02 */ = {
			isa = PBXGroup;
			children = (
				55A4F31B1F1F2918004C8413 /* RACableViewCell.h */,
				55A4F31C1F1F2918004C8413 /* RACableViewCell.m */,
				55A4F31D1F1F2918004C8413 /* RACableViewCell.xib */,
				55A4F31E1F1F2918004C8413 /* RequestViewModel.h */,
				55A4F31F1F1F2918004C8413 /* RequestViewModel.m */,
				55A4F3201F1F2918004C8413 /* testViewController01.h */,
				55A4F3211F1F2918004C8413 /* testViewController01.m */,
			);
			path = RAC02;
			sourceTree = "<group>";
		};
		55C4D1391F1CA23F008B4A17 = {
			isa = PBXGroup;
			children = (
				55C4D1441F1CA23F008B4A17 /* RACDemo */,
				55C4D15E1F1CA23F008B4A17 /* RACDemoTests */,
				55C4D1691F1CA23F008B4A17 /* RACDemoUITests */,
				55C4D1431F1CA23F008B4A17 /* Products */,
				1BB89C9954129AE10E9D8CF5 /* Pods */,
				1F9514D3231D3B0DC754A38C /* Frameworks */,
			);
			sourceTree = "<group>";
		};
		55C4D1431F1CA23F008B4A17 /* Products */ = {
			isa = PBXGroup;
			children = (
				55C4D1421F1CA23F008B4A17 /* RACDemo.app */,
				55C4D15B1F1CA23F008B4A17 /* RACDemoTests.xctest */,
				55C4D1661F1CA23F008B4A17 /* RACDemoUITests.xctest */,
			);
			name = Products;
			sourceTree = "<group>";
		};
		55C4D1441F1CA23F008B4A17 /* RACDemo */ = {
			isa = PBXGroup;
			children = (
				55A4F3151F1F2918004C8413 /* RAC01 */,
				55A4F31A1F1F2918004C8413 /* RAC02 */,
				55C4D1481F1CA23F008B4A17 /* AppDelegate.h */,
				55C4D1491F1CA23F008B4A17 /* AppDelegate.m */,
				55C4D14E1F1CA23F008B4A17 /* Main.storyboard */,
				55C4D1511F1CA23F008B4A17 /* Assets.xcassets */,
				55C4D1531F1CA23F008B4A17 /* LaunchScreen.storyboard */,
				55C4D1561F1CA23F008B4A17 /* Info.plist */,
				55C4D1451F1CA23F008B4A17 /* Supporting Files */,
			);
			path = RACDemo;
			sourceTree = "<group>";
		};
		55C4D1451F1CA23F008B4A17 /* Supporting Files */ = {
			isa = PBXGroup;
			children = (
				55C4D1461F1CA23F008B4A17 /* main.m */,
			);
			name = "Supporting Files";
			sourceTree = "<group>";
		};
		55C4D15E1F1CA23F008B4A17 /* RACDemoTests */ = {
			isa = PBXGroup;
			children = (
				55C4D15F1F1CA23F008B4A17 /* RACDemoTests.m */,
				55C4D1611F1CA23F008B4A17 /* Info.plist */,
			);
			path = RACDemoTests;
			sourceTree = "<group>";
		};
		55C4D1691F1CA23F008B4A17 /* RACDemoUITests */ = {
			isa = PBXGroup;
			children = (
				55C4D16A1F1CA23F008B4A17 /* RACDemoUITests.m */,
				55C4D16C1F1CA23F008B4A17 /* Info.plist */,
			);
			path = RACDemoUITests;
			sourceTree = "<group>";
		};
/* End PBXGroup section */

/* Begin PBXNativeTarget section */
		55C4D1411F1CA23F008B4A17 /* RACDemo */ = {
			isa = PBXNativeTarget;
			buildConfigurationList = 55C4D16F1F1CA23F008B4A17 /* Build configuration list for PBXNativeTarget "RACDemo" */;
			buildPhases = (
				7E42406C32ED343A26379637 /* [CP] Check Pods Manifest.lock */,
				55C4D13E1F1CA23F008B4A17 /* Sources */,
				55C4D13F1F1CA23F008B4A17 /* Frameworks */,
				55C4D1401F1CA23F008B4A17 /* Resources */,
				7B9000EBF77408F4FAC34714 /* [CP] Embed Pods Frameworks */,
				01709CDD5AF71E3B95E8F51F /* [CP] Copy Pods Resources */,
			);
			buildRules = (
			);
			dependencies = (
			);
			name = RACDemo;
			productName = RACDemo;
			productReference = 55C4D1421F1CA23F008B4A17 /* RACDemo.app */;
			productType = "com.apple.product-type.application";
		};
		55C4D15A1F1CA23F008B4A17 /* RACDemoTests */ = {
			isa = PBXNativeTarget;
			buildConfigurationList = 55C4D1721F1CA23F008B4A17 /* Build configuration list for PBXNativeTarget "RACDemoTests" */;
			buildPhases = (
				55C4D1571F1CA23F008B4A17 /* Sources */,
				55C4D1581F1CA23F008B4A17 /* Frameworks */,
				55C4D1591F1CA23F008B4A17 /* Resources */,
			);
			buildRules = (
			);
			dependencies = (
				55C4D15D1F1CA23F008B4A17 /* PBXTargetDependency */,
			);
			name = RACDemoTests;
			productName = RACDemoTests;
			productReference = 55C4D15B1F1CA23F008B4A17 /* RACDemoTests.xctest */;
			productType = "com.apple.product-type.bundle.unit-test";
		};
		55C4D1651F1CA23F008B4A17 /* RACDemoUITests */ = {
			isa = PBXNativeTarget;
			buildConfigurationList = 55C4D1751F1CA23F008B4A17 /* Build configuration list for PBXNativeTarget "RACDemoUITests" */;
			buildPhases = (
				55C4D1621F1CA23F008B4A17 /* Sources */,
				55C4D1631F1CA23F008B4A17 /* Frameworks */,
				55C4D1641F1CA23F008B4A17 /* Resources */,
			);
			buildRules = (
			);
			dependencies = (
				55C4D1681F1CA23F008B4A17 /* PBXTargetDependency */,
			);
			name = RACDemoUITests;
			productName = RACDemoUITests;
			productReference = 55C4D1661F1CA23F008B4A17 /* RACDemoUITests.xctest */;
			productType = "com.apple.product-type.bundle.ui-testing";
		};
/* End PBXNativeTarget section */

/* Begin PBXProject section */
		55C4D13A1F1CA23F008B4A17 /* Project object */ = {
			isa = PBXProject;
			attributes = {
				LastUpgradeCheck = 0830;
				ORGANIZATIONNAME = ZCD;
				TargetAttributes = {
					55C4D1411F1CA23F008B4A17 = {
						CreatedOnToolsVersion = 8.3.2;
						ProvisioningStyle = Automatic;
					};
					55C4D15A1F1CA23F008B4A17 = {
						CreatedOnToolsVersion = 8.3.2;
						ProvisioningStyle = Automatic;
						TestTargetID = 55C4D1411F1CA23F008B4A17;
					};
					55C4D1651F1CA23F008B4A17 = {
						CreatedOnToolsVersion = 8.3.2;
						ProvisioningStyle = Automatic;
						TestTargetID = 55C4D1411F1CA23F008B4A17;
					};
				};
			};
			buildConfigurationList = 55C4D13D1F1CA23F008B4A17 /* Build configuration list for PBXProject "RACDemo" */;
			compatibilityVersion = "Xcode 3.2";
			developmentRegion = English;
			hasScannedForEncodings = 0;
			knownRegions = (
				en,
				Base,
			);
			mainGroup = 55C4D1391F1CA23F008B4A17;
			productRefGroup = 55C4D1431F1CA23F008B4A17 /* Products */;
			projectDirPath = "";
			projectRoot = "";
			targets = (
				55C4D1411F1CA23F008B4A17 /* RACDemo */,
				55C4D15A1F1CA23F008B4A17 /* RACDemoTests */,
				55C4D1651F1CA23F008B4A17 /* RACDemoUITests */,
			);
		};
/* End PBXProject section */

/* Begin PBXResourcesBuildPhase section */
		55C4D1401F1CA23F008B4A17 /* Resources */ = {
			isa = PBXResourcesBuildPhase;
			buildActionMask = 2147483647;
			files = (
				55C4D1551F1CA23F008B4A17 /* LaunchScreen.storyboard in Resources */,
				55A4F3251F1F2918004C8413 /* RACableViewCell.xib in Resources */,
				55C4D1521F1CA23F008B4A17 /* Assets.xcassets in Resources */,
				55C4D1501F1CA23F008B4A17 /* Main.storyboard in Resources */,
			);
			runOnlyForDeploymentPostprocessing = 0;
		};
		55C4D1591F1CA23F008B4A17 /* Resources */ = {
			isa = PBXResourcesBuildPhase;
			buildActionMask = 2147483647;
			files = (
			);
			runOnlyForDeploymentPostprocessing = 0;
		};
		55C4D1641F1CA23F008B4A17 /* Resources */ = {
			isa = PBXResourcesBuildPhase;
			buildActionMask = 2147483647;
			files = (
			);
			runOnlyForDeploymentPostprocessing = 0;
		};
/* End PBXResourcesBuildPhase section */

/* Begin PBXShellScriptBuildPhase section */
		01709CDD5AF71E3B95E8F51F /* [CP] Copy Pods Resources */ = {
			isa = PBXShellScriptBuildPhase;
			buildActionMask = 2147483647;
			files = (
			);
			inputPaths = (
			);
			name = "[CP] Copy Pods Resources";
			outputPaths = (
			);
			runOnlyForDeploymentPostprocessing = 0;
			shellPath = /bin/sh;
			shellScript = "\"${SRCROOT}/Pods/Target Support Files/Pods-RACDemo/Pods-RACDemo-resources.sh\"\n";
			showEnvVarsInLog = 0;
		};
		7B9000EBF77408F4FAC34714 /* [CP] Embed Pods Frameworks */ = {
			isa = PBXShellScriptBuildPhase;
			buildActionMask = 2147483647;
			files = (
			);
			inputPaths = (
			);
			name = "[CP] Embed Pods Frameworks";
			outputPaths = (
			);
			runOnlyForDeploymentPostprocessing = 0;
			shellPath = /bin/sh;
			shellScript = "\"${SRCROOT}/Pods/Target Support Files/Pods-RACDemo/Pods-RACDemo-frameworks.sh\"\n";
			showEnvVarsInLog = 0;
		};
		7E42406C32ED343A26379637 /* [CP] Check Pods Manifest.lock */ = {
			isa = PBXShellScriptBuildPhase;
			buildActionMask = 2147483647;
			files = (
			);
			inputPaths = (
			);
			name = "[CP] Check Pods Manifest.lock";
			outputPaths = (
			);
			runOnlyForDeploymentPostprocessing = 0;
			shellPath = /bin/sh;
			shellScript = "diff \"${PODS_PODFILE_DIR_PATH}/Podfile.lock\" \"${PODS_ROOT}/Manifest.lock\" > /dev/null\nif [ $? != 0 ] ; then\n    # print error to STDERR\n    echo \"error: The sandbox is not in sync with the Podfile.lock. Run 'pod install' or update your CocoaPods installation.\" >&2\n    exit 1\nfi\n";
			showEnvVarsInLog = 0;
		};
/* End PBXShellScriptBuildPhase section */

/* Begin PBXSourcesBuildPhase section */
		55C4D13E1F1CA23F008B4A17 /* Sources */ = {
			isa = PBXSourcesBuildPhase;
			buildActionMask = 2147483647;
			files = (
				55C4D14A1F1CA23F008B4A17 /* AppDelegate.m in Sources */,
				55A4F3271F1F2918004C8413 /* testViewController01.m in Sources */,
				55A4F3231F1F2918004C8413 /* testViewModel.m in Sources */,
				55A4F3221F1F2918004C8413 /* RACViewController.m in Sources */,
				55C4D1471F1CA23F008B4A17 /* main.m in Sources */,
				55A4F3241F1F2918004C8413 /* RACableViewCell.m in Sources */,
				55A4F3261F1F2918004C8413 /* RequestViewModel.m in Sources */,
			);
			runOnlyForDeploymentPostprocessing = 0;
		};
		55C4D1571F1CA23F008B4A17 /* Sources */ = {
			isa = PBXSourcesBuildPhase;
			buildActionMask = 2147483647;
			files = (
				55C4D1601F1CA23F008B4A17 /* RACDemoTests.m in Sources */,
			);
			runOnlyForDeploymentPostprocessing = 0;
		};
		55C4D1621F1CA23F008B4A17 /* Sources */ = {
			isa = PBXSourcesBuildPhase;
			buildActionMask = 2147483647;
			files = (
				55C4D16B1F1CA23F008B4A17 /* RACDemoUITests.m in Sources */,
			);
			runOnlyForDeploymentPostprocessing = 0;
		};
/* End PBXSourcesBuildPhase section */

/* Begin PBXTargetDependency section */
		55C4D15D1F1CA23F008B4A17 /* PBXTargetDependency */ = {
			isa = PBXTargetDependency;
			target = 55C4D1411F1CA23F008B4A17 /* RACDemo */;
			targetProxy = 55C4D15C1F1CA23F008B4A17 /* PBXContainerItemProxy */;
		};
		55C4D1681F1CA23F008B4A17 /* PBXTargetDependency */ = {
			isa = PBXTargetDependency;
			target = 55C4D1411F1CA23F008B4A17 /* RACDemo */;
			targetProxy = 55C4D1671F1CA23F008B4A17 /* PBXContainerItemProxy */;
		};
/* End PBXTargetDependency section */

/* Begin PBXVariantGroup section */
		55C4D14E1F1CA23F008B4A17 /* Main.storyboard */ = {
			isa = PBXVariantGroup;
			children = (
				55C4D14F1F1CA23F008B4A17 /* Base */,
			);
			name = Main.storyboard;
			sourceTree = "<group>";
		};
		55C4D1531F1CA23F008B4A17 /* LaunchScreen.storyboard */ = {
			isa = PBXVariantGroup;
			children = (
				55C4D1541F1CA23F008B4A17 /* Base */,
			);
			name = LaunchScreen.storyboard;
			sourceTree = "<group>";
		};
/* End PBXVariantGroup section */

/* Begin XCBuildConfiguration section */
		55C4D16D1F1CA23F008B4A17 /* Debug */ = {
			isa = XCBuildConfiguration;
			buildSettings = {
				ALWAYS_SEARCH_USER_PATHS = NO;
				CLANG_ANALYZER_NONNULL = YES;
				CLANG_ANALYZER_NUMBER_OBJECT_CONVERSION = YES_AGGRESSIVE;
				CLANG_CXX_LANGUAGE_STANDARD = "gnu++0x";
				CLANG_CXX_LIBRARY = "libc++";
				CLANG_ENABLE_MODULES = YES;
				CLANG_ENABLE_OBJC_ARC = YES;
				CLANG_WARN_BOOL_CONVERSION = YES;
				CLANG_WARN_CONSTANT_CONVERSION = YES;
				CLANG_WARN_DIRECT_OBJC_ISA_USAGE = YES_ERROR;
				CLANG_WARN_DOCUMENTATION_COMMENTS = YES;
				CLANG_WARN_EMPTY_BODY = YES;
				CLANG_WARN_ENUM_CONVERSION = YES;
				CLANG_WARN_INFINITE_RECURSION = YES;
				CLANG_WARN_INT_CONVERSION = YES;
				CLANG_WARN_OBJC_ROOT_CLASS = YES_ERROR;
				CLANG_WARN_SUSPICIOUS_MOVE = YES;
				CLANG_WARN_UNREACHABLE_CODE = YES;
				CLANG_WARN__DUPLICATE_METHOD_MATCH = YES;
				"CODE_SIGN_IDENTITY[sdk=iphoneos*]" = "iPhone Developer";
				COPY_PHASE_STRIP = NO;
				DEBUG_INFORMATION_FORMAT = dwarf;
				ENABLE_STRICT_OBJC_MSGSEND = YES;
				ENABLE_TESTABILITY = YES;
				GCC_C_LANGUAGE_STANDARD = gnu99;
				GCC_DYNAMIC_NO_PIC = NO;
				GCC_NO_COMMON_BLOCKS = YES;
				GCC_OPTIMIZATION_LEVEL = 0;
				GCC_PREPROCESSOR_DEFINITIONS = (
					"DEBUG=1",
					"$(inherited)",
				);
				GCC_WARN_64_TO_32_BIT_CONVERSION = YES;
				GCC_WARN_ABOUT_RETURN_TYPE = YES_ERROR;
				GCC_WARN_UNDECLARED_SELECTOR = YES;
				GCC_WARN_UNINITIALIZED_AUTOS = YES_AGGRESSIVE;
				GCC_WARN_UNUSED_FUNCTION = YES;
				GCC_WARN_UNUSED_VARIABLE = YES;
				IPHONEOS_DEPLOYMENT_TARGET = 10.3;
				MTL_ENABLE_DEBUG_INFO = YES;
				ONLY_ACTIVE_ARCH = YES;
				SDKROOT = iphoneos;
				TARGETED_DEVICE_FAMILY = "1,2";
			};
			name = Debug;
		};
		55C4D16E1F1CA23F008B4A17 /* Release */ = {
			isa = XCBuildConfiguration;
			buildSettings = {
				ALWAYS_SEARCH_USER_PATHS = NO;
				CLANG_ANALYZER_NONNULL = YES;
				CLANG_ANALYZER_NUMBER_OBJECT_CONVERSION = YES_AGGRESSIVE;
				CLANG_CXX_LANGUAGE_STANDARD = "gnu++0x";
				CLANG_CXX_LIBRARY = "libc++";
				CLANG_ENABLE_MODULES = YES;
				CLANG_ENABLE_OBJC_ARC = YES;
				CLANG_WARN_BOOL_CONVERSION = YES;
				CLANG_WARN_CONSTANT_CONVERSION = YES;
				CLANG_WARN_DIRECT_OBJC_ISA_USAGE = YES_ERROR;
				CLANG_WARN_DOCUMENTATION_COMMENTS = YES;
				CLANG_WARN_EMPTY_BODY = YES;
				CLANG_WARN_ENUM_CONVERSION = YES;
				CLANG_WARN_INFINITE_RECURSION = YES;
				CLANG_WARN_INT_CONVERSION = YES;
				CLANG_WARN_OBJC_ROOT_CLASS = YES_ERROR;
				CLANG_WARN_SUSPICIOUS_MOVE = YES;
				CLANG_WARN_UNREACHABLE_CODE = YES;
				CLANG_WARN__DUPLICATE_METHOD_MATCH = YES;
				"CODE_SIGN_IDENTITY[sdk=iphoneos*]" = "iPhone Developer";
				COPY_PHASE_STRIP = NO;
				DEBUG_INFORMATION_FORMAT = "dwarf-with-dsym";
				ENABLE_NS_ASSERTIONS = NO;
				ENABLE_STRICT_OBJC_MSGSEND = YES;
				GCC_C_LANGUAGE_STANDARD = gnu99;
				GCC_NO_COMMON_BLOCKS = YES;
				GCC_WARN_64_TO_32_BIT_CONVERSION = YES;
				GCC_WARN_ABOUT_RETURN_TYPE = YES_ERROR;
				GCC_WARN_UNDECLARED_SELECTOR = YES;
				GCC_WARN_UNINITIALIZED_AUTOS = YES_AGGRESSIVE;
				GCC_WARN_UNUSED_FUNCTION = YES;
				GCC_WARN_UNUSED_VARIABLE = YES;
				IPHONEOS_DEPLOYMENT_TARGET = 10.3;
				MTL_ENABLE_DEBUG_INFO = NO;
				SDKROOT = iphoneos;
				TARGETED_DEVICE_FAMILY = "1,2";
				VALIDATE_PRODUCT = YES;
			};
			name = Release;
		};
		55C4D1701F1CA23F008B4A17 /* Debug */ = {
			isa = XCBuildConfiguration;
			baseConfigurationReference = 58C5CFA9EDB6E1E3E43011B4 /* Pods-RACDemo.debug.xcconfig */;
			buildSettings = {
				ASSETCATALOG_COMPILER_APPICON_NAME = AppIcon;
				INFOPLIST_FILE = RACDemo/Info.plist;
				LD_RUNPATH_SEARCH_PATHS = "$(inherited) @executable_path/Frameworks";
				PRODUCT_BUNDLE_IDENTIFIER = ZCD.RACDemo;
				PRODUCT_NAME = "$(TARGET_NAME)";
				USER_HEADER_SEARCH_PATHS = "$(PODS_ROOT)/**";
			};
			name = Debug;
		};
		55C4D1711F1CA23F008B4A17 /* Release */ = {
			isa = XCBuildConfiguration;
			baseConfigurationReference = D9FF156D2E893873E84C1CD9 /* Pods-RACDemo.release.xcconfig */;
			buildSettings = {
				ASSETCATALOG_COMPILER_APPICON_NAME = AppIcon;
				INFOPLIST_FILE = RACDemo/Info.plist;
				LD_RUNPATH_SEARCH_PATHS = "$(inherited) @executable_path/Frameworks";
				PRODUCT_BUNDLE_IDENTIFIER = ZCD.RACDemo;
				PRODUCT_NAME = "$(TARGET_NAME)";
				USER_HEADER_SEARCH_PATHS = "$(PODS_ROOT)/**";
			};
			name = Release;
		};
		55C4D1731F1CA23F008B4A17 /* Debug */ = {
			isa = XCBuildConfiguration;
			buildSettings = {
				BUNDLE_LOADER = "$(TEST_HOST)";
				INFOPLIST_FILE = RACDemoTests/Info.plist;
				LD_RUNPATH_SEARCH_PATHS = "$(inherited) @executable_path/Frameworks @loader_path/Frameworks";
				PRODUCT_BUNDLE_IDENTIFIER = ZCD.RACDemoTests;
				PRODUCT_NAME = "$(TARGET_NAME)";
				TEST_HOST = "$(BUILT_PRODUCTS_DIR)/RACDemo.app/RACDemo";
			};
			name = Debug;
		};
		55C4D1741F1CA23F008B4A17 /* Release */ = {
			isa = XCBuildConfiguration;
			buildSettings = {
				BUNDLE_LOADER = "$(TEST_HOST)";
				INFOPLIST_FILE = RACDemoTests/Info.plist;
				LD_RUNPATH_SEARCH_PATHS = "$(inherited) @executable_path/Frameworks @loader_path/Frameworks";
				PRODUCT_BUNDLE_IDENTIFIER = ZCD.RACDemoTests;
				PRODUCT_NAME = "$(TARGET_NAME)";
				TEST_HOST = "$(BUILT_PRODUCTS_DIR)/RACDemo.app/RACDemo";
			};
			name = Release;
		};
		55C4D1761F1CA23F008B4A17 /* Debug */ = {
			isa = XCBuildConfiguration;
			buildSettings = {
				INFOPLIST_FILE = RACDemoUITests/Info.plist;
				LD_RUNPATH_SEARCH_PATHS = "$(inherited) @executable_path/Frameworks @loader_path/Frameworks";
				PRODUCT_BUNDLE_IDENTIFIER = ZCD.RACDemoUITests;
				PRODUCT_NAME = "$(TARGET_NAME)";
				TEST_TARGET_NAME = RACDemo;
			};
			name = Debug;
		};
		55C4D1771F1CA23F008B4A17 /* Release */ = {
			isa = XCBuildConfiguration;
			buildSettings = {
				INFOPLIST_FILE = RACDemoUITests/Info.plist;
				LD_RUNPATH_SEARCH_PATHS = "$(inherited) @executable_path/Frameworks @loader_path/Frameworks";
				PRODUCT_BUNDLE_IDENTIFIER = ZCD.RACDemoUITests;
				PRODUCT_NAME = "$(TARGET_NAME)";
				TEST_TARGET_NAME = RACDemo;
			};
			name = Release;
		};
/* End XCBuildConfiguration section */

/* Begin XCConfigurationList section */
		55C4D13D1F1CA23F008B4A17 /* Build configuration list for PBXProject "RACDemo" */ = {
			isa = XCConfigurationList;
			buildConfigurations = (
				55C4D16D1F1CA23F008B4A17 /* Debug */,
				55C4D16E1F1CA23F008B4A17 /* Release */,
			);
			defaultConfigurationIsVisible = 0;
			defaultConfigurationName = Release;
		};
		55C4D16F1F1CA23F008B4A17 /* Build configuration list for PBXNativeTarget "RACDemo" */ = {
			isa = XCConfigurationList;
			buildConfigurations = (
				55C4D1701F1CA23F008B4A17 /* Debug */,
				55C4D1711F1CA23F008B4A17 /* Release */,
			);
			defaultConfigurationIsVisible = 0;
			defaultConfigurationName = Release;
		};
		55C4D1721F1CA23F008B4A17 /* Build configuration list for PBXNativeTarget "RACDemoTests" */ = {
			isa = XCConfigurationList;
			buildConfigurations = (
				55C4D1731F1CA23F008B4A17 /* Debug */,
				55C4D1741F1CA23F008B4A17 /* Release */,
			);
			defaultConfigurationIsVisible = 0;
			defaultConfigurationName = Release;
		};
		55C4D1751F1CA23F008B4A17 /* Build configuration list for PBXNativeTarget "RACDemoUITests" */ = {
			isa = XCConfigurationList;
			buildConfigurations = (
				55C4D1761F1CA23F008B4A17 /* Debug */,
				55C4D1771F1CA23F008B4A17 /* Release */,
			);
			defaultConfigurationIsVisible = 0;
			defaultConfigurationName = Release;
		};
/* End XCConfigurationList section */
	};
	rootObject = 55C4D13A1F1CA23F008B4A17 /* Project object */;
}
